
Microsoft Visual Studio Solution File, Format Version 12.00
# Visual Studio 15
VisualStudioVersion = 15.0.27130.2010
MinimumVisualStudioVersion = 10.0.40219.1
Project("{FAE04EC0-301F-11D3-BF4B-00C04F79EFBC}") = "Clase9", "Clase9\Clase9.csproj", "{ABEDC45D-93AC-4C31-A0DC-685DF8B4AF3F}"
EndProject
Global
	GlobalSection(SolutionConfigurationPlatforms) = preSolution
		Debug|Any CPU = Debug|Any CPU
		Release|Any CPU = Release|Any CPU
	EndGlobalSection
	GlobalSection(ProjectConfigurationPlatforms) = postSolution
		{ABEDC45D-93AC-4C31-A0DC-685DF8B4AF3F}.Debug|Any CPU.ActiveCfg = Debug|Any CPU
		{ABEDC45D-93AC-4C31-A0DC-685DF8B4AF3F}.Debug|Any CPU.Build.0 = Debug|Any CPU
		{ABEDC45D-93AC-4C31-A0DC-685DF8B4AF3F}.Release|Any CPU.ActiveCfg = Release|Any CPU
		{ABEDC45D-93AC-4C31-A0DC-685DF8B4AF3F}.Release|Any CPU.Build.0 = Release|Any CPU
	EndGlobalSection
	GlobalSection(SolutionProperties) = preSolution
		HideSolutionNode = FALSE
	EndGlobalSection
	GlobalSection(ExtensibilityGlobals) = postSolution
		SolutionGuid = {F0690F8E-F762-4B22-8084-7E4354E605D4}
	EndGlobalSection
EndGlobal
